
Microsoft Visual Studio Solution File, Format Version 12.00
# Visual Studio Version 17
VisualStudioVersion = 17.5.33424.131
MinimumVisualStudioVersion = 10.0.40219.1
Project("{FAE04EC0-301F-11D3-BF4B-00C04F79EFBC}") = "QuoteClasher.Api", "QuoteClasher.Api\QuoteClasher.Api.csproj", "{81D67848-8D4C-4634-83F8-FB0734F22C48}"
EndProject
Project("{00D1A9C2-B5F0-4AF3-8072-F6C62B433612}") = "QuoteClasher.Database", "QuoteClasher.Database\QuoteClasher.Database.sqlproj", "{315FC272-8EA4-4731-B63E-54C2AF1A8758}"
EndProject
Project("{FAE04EC0-301F-11D3-BF4B-00C04F79EFBC}") = "QuoteClasher.DataAccess", "QuoteClasher.DataAccess\QuoteClasher.DataAccess.csproj", "{3D30E913-1EAA-4F7B-87D1-17FBD303569B}"
EndProject
Project("{FAE04EC0-301F-11D3-BF4B-00C04F79EFBC}") = "QuoteClasher.Domain", "QuoteClasher.Domain\QuoteClasher.Domain.csproj", "{4C13C05F-6F94-4443-AF6C-282BD472FCA2}"
EndProject
Project("{FAE04EC0-301F-11D3-BF4B-00C04F79EFBC}") = "QuoteClasher.Services", "QuoteClasher.Services\QuoteClasher.Services.csproj", "{950062EE-B020-412F-A0AC-5E910279ED44}"
EndProject
Global
	GlobalSection(SolutionConfigurationPlatforms) = preSolution
		Debug|Any CPU = Debug|Any CPU
		Release|Any CPU = Release|Any CPU
	EndGlobalSection
	GlobalSection(ProjectConfigurationPlatforms) = postSolution
		{81D67848-8D4C-4634-83F8-FB0734F22C48}.Debug|Any CPU.ActiveCfg = Debug|Any CPU
		{81D67848-8D4C-4634-83F8-FB0734F22C48}.Debug|Any CPU.Build.0 = Debug|Any CPU
		{81D67848-8D4C-4634-83F8-FB0734F22C48}.Release|Any CPU.ActiveCfg = Release|Any CPU
		{81D67848-8D4C-4634-83F8-FB0734F22C48}.Release|Any CPU.Build.0 = Release|Any CPU
		{315FC272-8EA4-4731-B63E-54C2AF1A8758}.Debug|Any CPU.ActiveCfg = Debug|Any CPU
		{315FC272-8EA4-4731-B63E-54C2AF1A8758}.Debug|Any CPU.Build.0 = Debug|Any CPU
		{315FC272-8EA4-4731-B63E-54C2AF1A8758}.Debug|Any CPU.Deploy.0 = Debug|Any CPU
		{315FC272-8EA4-4731-B63E-54C2AF1A8758}.Release|Any CPU.ActiveCfg = Release|Any CPU
		{315FC272-8EA4-4731-B63E-54C2AF1A8758}.Release|Any CPU.Build.0 = Release|Any CPU
		{315FC272-8EA4-4731-B63E-54C2AF1A8758}.Release|Any CPU.Deploy.0 = Release|Any CPU
		{3D30E913-1EAA-4F7B-87D1-17FBD303569B}.Debug|Any CPU.ActiveCfg = Debug|Any CPU
		{3D30E913-1EAA-4F7B-87D1-17FBD303569B}.Debug|Any CPU.Build.0 = Debug|Any CPU
		{3D30E913-1EAA-4F7B-87D1-17FBD303569B}.Release|Any CPU.ActiveCfg = Release|Any CPU
		{3D30E913-1EAA-4F7B-87D1-17FBD303569B}.Release|Any CPU.Build.0 = Release|Any CPU
		{4C13C05F-6F94-4443-AF6C-282BD472FCA2}.Debug|Any CPU.ActiveCfg = Debug|Any CPU
		{4C13C05F-6F94-4443-AF6C-282BD472FCA2}.Debug|Any CPU.Build.0 = Debug|Any CPU
		{4C13C05F-6F94-4443-AF6C-282BD472FCA2}.Release|Any CPU.ActiveCfg = Release|Any CPU
		{4C13C05F-6F94-4443-AF6C-282BD472FCA2}.Release|Any CPU.Build.0 = Release|Any CPU
		{950062EE-B020-412F-A0AC-5E910279ED44}.Debug|Any CPU.ActiveCfg = Debug|Any CPU
		{950062EE-B020-412F-A0AC-5E910279ED44}.Debug|Any CPU.Build.0 = Debug|Any CPU
		{950062EE-B020-412F-A0AC-5E910279ED44}.Release|Any CPU.ActiveCfg = Release|Any CPU
		{950062EE-B020-412F-A0AC-5E910279ED44}.Release|Any CPU.Build.0 = Release|Any CPU
	EndGlobalSection
	GlobalSection(SolutionProperties) = preSolution
		HideSolutionNode = FALSE
	EndGlobalSection
	GlobalSection(ExtensibilityGlobals) = postSolution
		SolutionGuid = {69F89A8F-5FA8-44EE-B8F6-7EB2E1943F4E}
	EndGlobalSection
EndGlobal
